<Solution>
  <Folder Name="/Solution Items/">
    <File Path="ToDo.txt" />
  </Folder>
  <Project Path="TheManager.Console/TheManager.Console.csproj" />
  <Project Path="TheManager.MatchHarness/TheManager.MatchHarness.csproj" />
  <Project Path="TheManager.Models/TheManager.Models.csproj" />
  <Project Path="TheManager.Services/TheManager.Services.csproj" />
  <Project Path="TheManager.WinForms/TheManager.UI.csproj" />
</Solution>
